
Microsoft Visual Studio Solution File, Format Version 12.00
# Visual Studio Version 17
VisualStudioVersion = 17.3.32922.545
MinimumVisualStudioVersion = 10.0.40219.1
Project("{FAE04EC0-301F-11D3-BF4B-00C04F79EFBC}") = "Klausurvorbereitung Klausur 2", "Klausurvorbereitung Klausur 2.csproj", "{ECC88644-9F2D-4F7F-AD62-DBC2DE7CB38D}"
EndProject
Global
	GlobalSection(SolutionConfigurationPlatforms) = preSolution
		Debug|Any CPU = Debug|Any CPU
		Release|Any CPU = Release|Any CPU
	EndGlobalSection
	GlobalSection(ProjectConfigurationPlatforms) = postSolution
		{ECC88644-9F2D-4F7F-AD62-DBC2DE7CB38D}.Debug|Any CPU.ActiveCfg = Debug|Any CPU
		{ECC88644-9F2D-4F7F-AD62-DBC2DE7CB38D}.Debug|Any CPU.Build.0 = Debug|Any CPU
		{ECC88644-9F2D-4F7F-AD62-DBC2DE7CB38D}.Release|Any CPU.ActiveCfg = Release|Any CPU
		{ECC88644-9F2D-4F7F-AD62-DBC2DE7CB38D}.Release|Any CPU.Build.0 = Release|Any CPU
	EndGlobalSection
	GlobalSection(SolutionProperties) = preSolution
		HideSolutionNode = FALSE
	EndGlobalSection
	GlobalSection(ExtensibilityGlobals) = postSolution
		SolutionGuid = {D344DF6A-4179-4A78-8076-18FAB9A1CC59}
	EndGlobalSection
EndGlobal
